# THIS IS AN AUTOGENERATED FILE. DO NOT EDIT THIS FILE DIRECTLY.
# yarn lockfile v1


"@sindresorhus/is@^0.15.0":
  version "0.15.0"
  resolved "https://registry.yarnpkg.com/@sindresorhus/is/-/is-0.15.0.tgz#96915baa05e6a6a1d137badf4984d3fc05820bb6"
  integrity sha512-lu8BpxjAtRCAo5ifytTpCPCj99LF7o/2Myn+NXyNCBqvPYn7Pjd76AMmUB5l7XF1U6t0hcWrlEM5ESufW7wAeA==

batch-cluster@^5.7.1:
  version "5.7.1"
  resolved "https://registry.yarnpkg.com/batch-cluster/-/batch-cluster-5.7.1.tgz#51479fd676069890ed4a778faa13ff76c13eb333"
  integrity sha512-dhxVwSmVI1J/MrCX69B+in6pUZqylKXW/Ijfk62MpcveCaMG9RyO+6YlZzSdcoO41XizJTR744qraFz8kpoCAA==

date-fns@^2.6.0:
  version "2.6.0"
  resolved "https://registry.yarnpkg.com/date-fns/-/date-fns-2.6.0.tgz#a5bc82e6a4c3995ae124b0ba1a71aec7b8cbd666"
  integrity sha512-F55YxqRdEfP/eYQmQjLN798v0AwLjmZ8nMBjdQvNwEE3N/zWVrlkkqT+9seBlPlsbkybG4JmWg3Ee3dIV9BcGQ==

exiftool-vendored.exe@^11.73.0:
  version "11.73.0"
  resolved "https://registry.yarnpkg.com/exiftool-vendored.exe/-/exiftool-vendored.exe-11.73.0.tgz#5f16806d6b76da42be949769b371d0ab6b5c17bd"
  integrity sha512-900Ps45111nR1eEH8VzCYh5CmLSxabYOmW6hyw5HzM5y0Cj2ppArRtfCqRhGlLs/ubl5h699YllpeGlImMGuZg==

exiftool-vendored.pl@^11.73.0:
  version "11.73.0"
  resolved "https://registry.yarnpkg.com/exiftool-vendored.pl/-/exiftool-vendored.pl-11.73.0.tgz#49ab1855f5fbe3ca1ad0137959c0bc38d4fd18a8"
  integrity sha512-7LCWp7Eff1UGyiKmGt3xMCU9GxNANXzzQrdFDaZ/tMWxEoB4wSpc4SWHC54WLdnRlU9kxg9m77icX8rCf5r6Rg==

exiftool-vendored@^9.0.0:
  version "9.0.0"
  resolved "https://registry.yarnpkg.com/exiftool-vendored/-/exiftool-vendored-9.0.0.tgz#2c01e2a4592a7b0d82dd8196fbe649f1950e7795"
  integrity sha512-Mt+SfvNr67HjItbVvICfESD0cOmVnzftNferdFSsYjH5txBtdGbxIXxVjtxUrTAW6l3vtuPtaiR2h6A2ktqeIg==
  dependencies:
    batch-cluster "^5.7.1"
    luxon "^1.19.3"
    tz-lookup "^6.1.24"
  optionalDependencies:
    exiftool-vendored.exe "^11.73.0"
    exiftool-vendored.pl "^11.73.0"

fs-extra@^8.1.0:
  version "8.1.0"
  resolved "https://registry.yarnpkg.com/fs-extra/-/fs-extra-8.1.0.tgz#49d43c45a88cd9677668cb7be1b46efdb8d2e1c0"
  integrity sha512-yhlQgA6mnOJUKOsRUFsgJdQCvkKhcz8tlZG5HBQfReYZy46OwLcY+Zia0mtdHsOo9y/hP+CxMN0TU9QxoOtG4g==
  dependencies:
    graceful-fs "^4.2.0"
    jsonfile "^4.0.0"
    universalify "^0.1.0"

graceful-fs@^4.1.6, graceful-fs@^4.2.0:
  version "4.2.3"
  resolved "https://registry.yarnpkg.com/graceful-fs/-/graceful-fs-4.2.3.tgz#4a12ff1b60376ef09862c2093edd908328be8423"
  integrity sha512-a30VEBm4PEdx1dRB7MFK7BejejvCvBronbLjht+sHuGYj8PHs7M/5Z+rt5lw551vZ7yfTCj4Vuyy3mSJytDWRQ==

jsonfile@^4.0.0:
  version "4.0.0"
  resolved "https://registry.yarnpkg.com/jsonfile/-/jsonfile-4.0.0.tgz#8771aae0799b64076b76640fca058f9c10e33ecb"
  integrity sha1-h3Gq4HmbZAdrdmQPygWPnBDjPss=
  optionalDependencies:
    graceful-fs "^4.1.6"

lodash.compact@^3.0.1:
  version "3.0.1"
  resolved "https://registry.yarnpkg.com/lodash.compact/-/lodash.compact-3.0.1.tgz#540ce3837745975807471e16b4a2ba21e7256ca5"
  integrity sha1-VAzjg3dFl1gHRx4WtKK6IeclbKU=

lodash.flow@^3.5.0:
  version "3.5.0"
  resolved "https://registry.yarnpkg.com/lodash.flow/-/lodash.flow-3.5.0.tgz#87bf40292b8cf83e4e8ce1a3ae4209e20071675a"
  integrity sha1-h79AKSuM+D5OjOGjrkIJ4gBxZ1o=

lodash.head@^4.0.1:
  version "4.0.1"
  resolved "https://registry.yarnpkg.com/lodash.head/-/lodash.head-4.0.1.tgz#e2aa322d3ec40cd6aae186082977d993b354ed9c"
  integrity sha1-4qoyLT7EDNaq4YYIKXfZk7NU7Zw=

lodash.padstart@^4.6.1:
  version "4.6.1"
  resolved "https://registry.yarnpkg.com/lodash.padstart/-/lodash.padstart-4.6.1.tgz#d2e3eebff0d9d39ad50f5cbd1b52a7bce6bb611b"
  integrity sha1-0uPuv/DZ05rVD1y9G1KnvOa7YRs=

luxon@^1.19.3:
  version "1.19.3"
  resolved "https://registry.yarnpkg.com/luxon/-/luxon-1.19.3.tgz#86c04a1395529b4386ae235a8fe16d0a82a0695b"
  integrity sha512-YwTDjGRQC0QC9Iya2g2eKZfgEFqRId4ZoLHORQcfTMB/5xrTx427V7ZPjQJ1vzvhA2vJfG2bh1Kv8V8IFMWCUA==

p-reduce@^2.1.0:
  version "2.1.0"
  resolved "https://registry.yarnpkg.com/p-reduce/-/p-reduce-2.1.0.tgz#09408da49507c6c274faa31f28df334bc712b64a"
  integrity sha512-2USApvnsutq8uoxZBGbbWM0JIYLiEMJ9RlaN7fAzVNb9OZN0SHjjTTfIcb667XynS5Y1VhwDJVDa72TnPzAYWw==

p-series@^2.1.0:
  version "2.1.0"
  resolved "https://registry.yarnpkg.com/p-series/-/p-series-2.1.0.tgz#7035b3a81e2644d4ba407c1ebbc21776e353fa29"
  integrity sha512-vEAnkG1ikRT1kPBrKwpj7AFYQkd1hjt/oHeppxtpoPxy5gEt+OWiHZJN3tMqvFa+UJfVwO3lwHoMUpMYBLKnaQ==
  dependencies:
    "@sindresorhus/is" "^0.15.0"
    p-reduce "^2.1.0"

tz-lookup@^6.1.24:
  version "6.1.24"
  resolved "https://registry.yarnpkg.com/tz-lookup/-/tz-lookup-6.1.24.tgz#b23708f27c924d28cf00d40d834a3ccf8bcd0957"
  integrity sha512-HdNjpzDk9nXTbHMGTzN7Dr0sueSudjOhYjMCKkXCUMZyrYMgERPcoRpZSAhzTv30vQMvMe/Z5fYOu95xWt6nLA==

universalify@^0.1.0:
  version "0.1.2"
  resolved "https://registry.yarnpkg.com/universalify/-/universalify-0.1.2.tgz#b646f69be3942dabcecc9d6639c80dc105efaa66"
  integrity sha512-rBJeI5CXAlmy1pV+617WB9J63U6XcazHHF2f2dbJix4XzpUF0RS3Zbj0FGIOCAva5P/d/GBOYaACQ1w+0azUkg==
